
Microsoft Visual Studio Solution File, Format Version 12.00
# Visual Studio Version 17
VisualStudioVersion = 17.5.33424.131
MinimumVisualStudioVersion = 10.0.40219.1
Project("{9A19103F-16F7-4668-BE54-9A1E7A4F7556}") = "DemoApp", "DemoApp\DemoApp.csproj", "{79C74464-38E1-4BF8-8D80-4154227158C8}"
EndProject
Project("{9A19103F-16F7-4668-BE54-9A1E7A4F7556}") = "Baksteen.Avalonia.Blazor", "Baksteen.Avalonia.Blazor\Baksteen.Avalonia.Blazor.csproj", "{BC91F95D-C3FA-4F28-87FD-D661269BB38C}"
EndProject
Project("{9A19103F-16F7-4668-BE54-9A1E7A4F7556}") = "Baksteen.Blazor", "Baksteen.Blazor\Baksteen.Blazor.csproj", "{5DE5A091-82F8-430D-ACF2-2EF2E4B5E849}"
EndProject
Project("{9A19103F-16F7-4668-BE54-9A1E7A4F7556}") = "CefSharpWinFormsBlazorApp", "WinFormsBlazorApp\CefSharpWinFormsBlazorApp.csproj", "{2CE1DEEE-A95B-4F19-A283-7226E002CD16}"
EndProject
Project("{9A19103F-16F7-4668-BE54-9A1E7A4F7556}") = "Baksteen.Blazor.CefSharpWinForms", "Baksteen.CEF.Blazor\Baksteen.Blazor.CefSharpWinForms.csproj", "{08A11731-67A3-4CF7-A56A-ED39642613A2}"
EndProject
Global
	GlobalSection(SolutionConfigurationPlatforms) = preSolution
		Debug|Any CPU = Debug|Any CPU
		Debug|arm64 = Debug|arm64
		Debug|x64 = Debug|x64
		Debug|x86 = Debug|x86
		Release|Any CPU = Release|Any CPU
		Release|arm64 = Release|arm64
		Release|x64 = Release|x64
		Release|x86 = Release|x86
	EndGlobalSection
	GlobalSection(ProjectConfigurationPlatforms) = postSolution
		{79C74464-38E1-4BF8-8D80-4154227158C8}.Debug|Any CPU.ActiveCfg = Debug|Any CPU
		{79C74464-38E1-4BF8-8D80-4154227158C8}.Debug|Any CPU.Build.0 = Debug|Any CPU
		{79C74464-38E1-4BF8-8D80-4154227158C8}.Debug|arm64.ActiveCfg = Debug|Any CPU
		{79C74464-38E1-4BF8-8D80-4154227158C8}.Debug|arm64.Build.0 = Debug|Any CPU
		{79C74464-38E1-4BF8-8D80-4154227158C8}.Debug|x64.ActiveCfg = Debug|Any CPU
		{79C74464-38E1-4BF8-8D80-4154227158C8}.Debug|x64.Build.0 = Debug|Any CPU
		{79C74464-38E1-4BF8-8D80-4154227158C8}.Debug|x86.ActiveCfg = Debug|Any CPU
		{79C74464-38E1-4BF8-8D80-4154227158C8}.Debug|x86.Build.0 = Debug|Any CPU
		{79C74464-38E1-4BF8-8D80-4154227158C8}.Release|Any CPU.ActiveCfg = Release|Any CPU
		{79C74464-38E1-4BF8-8D80-4154227158C8}.Release|Any CPU.Build.0 = Release|Any CPU
		{79C74464-38E1-4BF8-8D80-4154227158C8}.Release|arm64.ActiveCfg = Release|Any CPU
		{79C74464-38E1-4BF8-8D80-4154227158C8}.Release|arm64.Build.0 = Release|Any CPU
		{79C74464-38E1-4BF8-8D80-4154227158C8}.Release|x64.ActiveCfg = Release|Any CPU
		{79C74464-38E1-4BF8-8D80-4154227158C8}.Release|x64.Build.0 = Release|Any CPU
		{79C74464-38E1-4BF8-8D80-4154227158C8}.Release|x86.ActiveCfg = Release|Any CPU
		{79C74464-38E1-4BF8-8D80-4154227158C8}.Release|x86.Build.0 = Release|Any CPU
		{BC91F95D-C3FA-4F28-87FD-D661269BB38C}.Debug|Any CPU.ActiveCfg = Debug|Any CPU
		{BC91F95D-C3FA-4F28-87FD-D661269BB38C}.Debug|Any CPU.Build.0 = Debug|Any CPU
		{BC91F95D-C3FA-4F28-87FD-D661269BB38C}.Debug|arm64.ActiveCfg = Debug|Any CPU
		{BC91F95D-C3FA-4F28-87FD-D661269BB38C}.Debug|arm64.Build.0 = Debug|Any CPU
		{BC91F95D-C3FA-4F28-87FD-D661269BB38C}.Debug|x64.ActiveCfg = Debug|Any CPU
		{BC91F95D-C3FA-4F28-87FD-D661269BB38C}.Debug|x64.Build.0 = Debug|Any CPU
		{BC91F95D-C3FA-4F28-87FD-D661269BB38C}.Debug|x86.ActiveCfg = Debug|Any CPU
		{BC91F95D-C3FA-4F28-87FD-D661269BB38C}.Debug|x86.Build.0 = Debug|Any CPU
		{BC91F95D-C3FA-4F28-87FD-D661269BB38C}.Release|Any CPU.ActiveCfg = Release|Any CPU
		{BC91F95D-C3FA-4F28-87FD-D661269BB38C}.Release|Any CPU.Build.0 = Release|Any CPU
		{BC91F95D-C3FA-4F28-87FD-D661269BB38C}.Release|arm64.ActiveCfg = Release|Any CPU
		{BC91F95D-C3FA-4F28-87FD-D661269BB38C}.Release|arm64.Build.0 = Release|Any CPU
		{BC91F95D-C3FA-4F28-87FD-D661269BB38C}.Release|x64.ActiveCfg = Release|Any CPU
		{BC91F95D-C3FA-4F28-87FD-D661269BB38C}.Release|x64.Build.0 = Release|Any CPU
		{BC91F95D-C3FA-4F28-87FD-D661269BB38C}.Release|x86.ActiveCfg = Release|Any CPU
		{BC91F95D-C3FA-4F28-87FD-D661269BB38C}.Release|x86.Build.0 = Release|Any CPU
		{5DE5A091-82F8-430D-ACF2-2EF2E4B5E849}.Debug|Any CPU.ActiveCfg = Debug|Any CPU
		{5DE5A091-82F8-430D-ACF2-2EF2E4B5E849}.Debug|Any CPU.Build.0 = Debug|Any CPU
		{5DE5A091-82F8-430D-ACF2-2EF2E4B5E849}.Debug|arm64.ActiveCfg = Debug|Any CPU
		{5DE5A091-82F8-430D-ACF2-2EF2E4B5E849}.Debug|arm64.Build.0 = Debug|Any CPU
		{5DE5A091-82F8-430D-ACF2-2EF2E4B5E849}.Debug|x64.ActiveCfg = Debug|Any CPU
		{5DE5A091-82F8-430D-ACF2-2EF2E4B5E849}.Debug|x64.Build.0 = Debug|Any CPU
		{5DE5A091-82F8-430D-ACF2-2EF2E4B5E849}.Debug|x86.ActiveCfg = Debug|Any CPU
		{5DE5A091-82F8-430D-ACF2-2EF2E4B5E849}.Debug|x86.Build.0 = Debug|Any CPU
		{5DE5A091-82F8-430D-ACF2-2EF2E4B5E849}.Release|Any CPU.ActiveCfg = Release|Any CPU
		{5DE5A091-82F8-430D-ACF2-2EF2E4B5E849}.Release|Any CPU.Build.0 = Release|Any CPU
		{5DE5A091-82F8-430D-ACF2-2EF2E4B5E849}.Release|arm64.ActiveCfg = Release|Any CPU
		{5DE5A091-82F8-430D-ACF2-2EF2E4B5E849}.Release|arm64.Build.0 = Release|Any CPU
		{5DE5A091-82F8-430D-ACF2-2EF2E4B5E849}.Release|x64.ActiveCfg = Release|Any CPU
		{5DE5A091-82F8-430D-ACF2-2EF2E4B5E849}.Release|x64.Build.0 = Release|Any CPU
		{5DE5A091-82F8-430D-ACF2-2EF2E4B5E849}.Release|x86.ActiveCfg = Release|Any CPU
		{5DE5A091-82F8-430D-ACF2-2EF2E4B5E849}.Release|x86.Build.0 = Release|Any CPU
		{2CE1DEEE-A95B-4F19-A283-7226E002CD16}.Debug|Any CPU.ActiveCfg = Debug|x64
		{2CE1DEEE-A95B-4F19-A283-7226E002CD16}.Debug|Any CPU.Build.0 = Debug|x64
		{2CE1DEEE-A95B-4F19-A283-7226E002CD16}.Debug|arm64.ActiveCfg = Debug|arm64
		{2CE1DEEE-A95B-4F19-A283-7226E002CD16}.Debug|arm64.Build.0 = Debug|arm64
		{2CE1DEEE-A95B-4F19-A283-7226E002CD16}.Debug|x64.ActiveCfg = Debug|x64
		{2CE1DEEE-A95B-4F19-A283-7226E002CD16}.Debug|x64.Build.0 = Debug|x64
		{2CE1DEEE-A95B-4F19-A283-7226E002CD16}.Debug|x86.ActiveCfg = Debug|x86
		{2CE1DEEE-A95B-4F19-A283-7226E002CD16}.Debug|x86.Build.0 = Debug|x86
		{2CE1DEEE-A95B-4F19-A283-7226E002CD16}.Release|Any CPU.ActiveCfg = Release|x64
		{2CE1DEEE-A95B-4F19-A283-7226E002CD16}.Release|Any CPU.Build.0 = Release|x64
		{2CE1DEEE-A95B-4F19-A283-7226E002CD16}.Release|arm64.ActiveCfg = Release|arm64
		{2CE1DEEE-A95B-4F19-A283-7226E002CD16}.Release|arm64.Build.0 = Release|arm64
		{2CE1DEEE-A95B-4F19-A283-7226E002CD16}.Release|x64.ActiveCfg = Release|x64
		{2CE1DEEE-A95B-4F19-A283-7226E002CD16}.Release|x64.Build.0 = Release|x64
		{2CE1DEEE-A95B-4F19-A283-7226E002CD16}.Release|x86.ActiveCfg = Release|x86
		{2CE1DEEE-A95B-4F19-A283-7226E002CD16}.Release|x86.Build.0 = Release|x86
		{08A11731-67A3-4CF7-A56A-ED39642613A2}.Debug|Any CPU.ActiveCfg = Debug|Any CPU
		{08A11731-67A3-4CF7-A56A-ED39642613A2}.Debug|Any CPU.Build.0 = Debug|Any CPU
		{08A11731-67A3-4CF7-A56A-ED39642613A2}.Debug|arm64.ActiveCfg = Debug|Any CPU
		{08A11731-67A3-4CF7-A56A-ED39642613A2}.Debug|arm64.Build.0 = Debug|Any CPU
		{08A11731-67A3-4CF7-A56A-ED39642613A2}.Debug|x64.ActiveCfg = Debug|Any CPU
		{08A11731-67A3-4CF7-A56A-ED39642613A2}.Debug|x64.Build.0 = Debug|Any CPU
		{08A11731-67A3-4CF7-A56A-ED39642613A2}.Debug|x86.ActiveCfg = Debug|Any CPU
		{08A11731-67A3-4CF7-A56A-ED39642613A2}.Debug|x86.Build.0 = Debug|Any CPU
		{08A11731-67A3-4CF7-A56A-ED39642613A2}.Release|Any CPU.ActiveCfg = Release|Any CPU
		{08A11731-67A3-4CF7-A56A-ED39642613A2}.Release|Any CPU.Build.0 = Release|Any CPU
		{08A11731-67A3-4CF7-A56A-ED39642613A2}.Release|arm64.ActiveCfg = Release|Any CPU
		{08A11731-67A3-4CF7-A56A-ED39642613A2}.Release|arm64.Build.0 = Release|Any CPU
		{08A11731-67A3-4CF7-A56A-ED39642613A2}.Release|x64.ActiveCfg = Release|Any CPU
		{08A11731-67A3-4CF7-A56A-ED39642613A2}.Release|x64.Build.0 = Release|Any CPU
		{08A11731-67A3-4CF7-A56A-ED39642613A2}.Release|x86.ActiveCfg = Release|Any CPU
		{08A11731-67A3-4CF7-A56A-ED39642613A2}.Release|x86.Build.0 = Release|Any CPU
	EndGlobalSection
	GlobalSection(SolutionProperties) = preSolution
		HideSolutionNode = FALSE
	EndGlobalSection
	GlobalSection(ExtensibilityGlobals) = postSolution
		SolutionGuid = {EF15DFC4-DA55-47DA-A45E-C3AE675C1C94}
	EndGlobalSection
EndGlobal
